{
  "name": "Teanodetes",
  "lockfileVersion": 3,
  "requires": true,
  "packages": {
    "": {
      "dependencies": {
        "@bismilahtes/bismilahtes": "^1.0.0",
        "bismilahtes": "^1.0.0"
      }
    },
    "node_modules/@bismilahtes/bismilahtes": {
      "version": "1.0.0",
      "resolved": "https://registry.npmjs.org/@bismilahtes/bismilahtes/-/bismilahtes-1.0.0.tgz",
      "integrity": "sha512-42K7ADXmRu3m15ftzUJPypB1Np3sx/h5SzhhoPxbchCIqnCpZx6dbj292CApzvOWQa6afjbzA6KyB7PYR3UcZA==",
      "dependencies": {
        "bismilahtes": "^1.0.0"
      }
    },
    "node_modules/bismilahtes": {
      "version": "1.0.0",
      "resolved": "https://registry.npmjs.org/bismilahtes/-/bismilahtes-1.0.0.tgz",
      "integrity": "sha512-dz6vbCO3HIUM5/jFFdOZyH6w71EprN4WY+QlSbHVrBGl7DdRVrWZrRgV29QuDLzAcGZz9cuRJ2xdKsh5m4tvqA=="
    }
  }
}
